{
  "name": "code_project",
  "version": "1.0.0",
  "lockfileVersion": 3,
  "requires": true,
  "packages": {
    "": {
      "name": "code_project",
      "version": "1.0.0",
      "license": "ISC",
      "dependencies": {
        "lodash-es": "^4.16.0"
      }
    },
    "node_modules/lodash-es": {
      "version": "4.16.0",
      "resolved": "https://registry.npmjs.org/lodash-es/-/lodash-es-4.16.0.tgz",
      "integrity": "sha512-rpA1Fk2A7j7vqVEQppSIfO1xM60AX7ea7vVqC4RrwrXGh3gDlMjn0Cuo9407jG3ico7I2SkjZGAQyBSiw40rMw==",
      "license": "MIT"
    }
  }
}
